// !$*UTF8*$!
{
	archiveVersion = 1;
	classes = {
	};
	objectVersion = 50;
	objects = {

/* Begin PBXBuildFile section */
		3455B16320D888D200D80A82 /* AppDelegate.swift in Sources */ = {isa = PBXBuildFile; fileRef = 3455B16220D888D200D80A82 /* AppDelegate.swift */; };
		3455B16520D888D200D80A82 /* ViewController.swift in Sources */ = {isa = PBXBuildFile; fileRef = 3455B16420D888D200D80A82 /* ViewController.swift */; };
		3455B16820D888D200D80A82 /* Main.storyboard in Resources */ = {isa = PBXBuildFile; fileRef = 3455B16620D888D200D80A82 /* Main.storyboard */; };
		3455B16A20D888D400D80A82 /* Assets.xcassets in Resources */ = {isa = PBXBuildFile; fileRef = 3455B16920D888D400D80A82 /* Assets.xcassets */; };
		3455B16D20D888D400D80A82 /* LaunchScreen.storyboard in Resources */ = {isa = PBXBuildFile; fileRef = 3455B16B20D888D400D80A82 /* LaunchScreen.storyboard */; };
		3455B17820D888D400D80A82 /* counterappTests.swift in Sources */ = {isa = PBXBuildFile; fileRef = 3455B17720D888D400D80A82 /* counterappTests.swift */; };
		3455B18320D888D400D80A82 /* counterappUITests.swift in Sources */ = {isa = PBXBuildFile; fileRef = 3455B18220D888D400D80A82 /* counterappUITests.swift */; };
/* End PBXBuildFile section */

/* Begin PBXContainerItemProxy section */
		3455B17420D888D400D80A82 /* PBXContainerItemProxy */ = {
			isa = PBXContainerItemProxy;
			containerPortal = 3455B15720D888D200D80A82 /* Project object */;
			proxyType = 1;
			remoteGlobalIDString = 3455B15E20D888D200D80A82;
			remoteInfo = counterapp;
		};
		3455B17F20D888D400D80A82 /* PBXContainerItemProxy */ = {
			isa = PBXContainerItemProxy;
			containerPortal = 3455B15720D888D200D80A82 /* Project object */;
			proxyType = 1;
			remoteGlobalIDString = 3455B15E20D888D200D80A82;
			remoteInfo = counterapp;
		};
/* End PBXContainerItemProxy section */

/* Begin PBXFileReference section */
		3455B15F20D888D200D80A82 /* counterapp.app */ = {isa = PBXFileReference; explicitFileType = wrapper.application; includeInIndex = 0; path = counterapp.app; sourceTree = BUILT_PRODUCTS_DIR; };
		3455B16220D888D200D80A82 /* AppDelegate.swift */ = {isa = PBXFileReference; lastKnownFileType = sourcecode.swift; path = AppDelegate.swift; sourceTree = "<group>"; };
		3455B16420D888D200D80A82 /* ViewController.swift */ = {isa = PBXFileReference; lastKnownFileType = sourcecode.swift; path = ViewController.swift; sourceTree = "<group>"; };
		3455B16720D888D200D80A82 /* Base */ = {isa = PBXFileReference; lastKnownFileType = file.storyboard; name = Base; path = Base.lproj/Main.storyboard; sourceTree = "<group>"; };
		3455B16920D888D400D80A82 /* Assets.xcassets */ = {isa = PBXFileReference; lastKnownFileType = folder.assetcatalog; path = Assets.xcassets; sourceTree = "<group>"; };
		3455B16C20D888D400D80A82 /* Base */ = {isa = PBXFileReference; lastKnownFileType = file.storyboard; name = Base; path = Base.lproj/LaunchScreen.storyboard; sourceTree = "<group>"; };
		3455B16E20D888D400D80A82 /* Info.plist */ = {isa = PBXFileReference; lastKnownFileType = text.plist.xml; path = Info.plist; sourceTree = "<group>"; };
		3455B17320D888D400D80A82 /* counterappTests.xctest */ = {isa = PBXFileReference; explicitFileType = wrapper.cfbundle; includeInIndex = 0; path = counterappTests.xctest; sourceTree = BUILT_PRODUCTS_DIR; };
		3455B17720D888D400D80A82 /* counterappTests.swift */ = {isa = PBXFileReference; lastKnownFileType = sourcecode.swift; path = counterappTests.swift; sourceTree = "<group>"; };
		3455B17920D888D400D80A82 /* Info.plist */ = {isa = PBXFileReference; lastKnownFileType = text.plist.xml; path = Info.plist; sourceTree = "<group>"; };
		3455B17E20D888D400D80A82 /* counterappUITests.xctest */ = {isa = PBXFileReference; explicitFileType = wrapper.cfbundle; includeInIndex = 0; path = counterappUITests.xctest; sourceTree = BUILT_PRODUCTS_DIR; };
		3455B18220D888D400D80A82 /* counterappUITests.swift */ = {isa = PBXFileReference; lastKnownFileType = sourcecode.swift; path = counterappUITests.swift; sourceTree = "<group>"; };
		3455B18420D888D400D80A82 /* Info.plist */ = {isa = PBXFileReference; lastKnownFileType = text.plist.xml; path = Info.plist; sourceTree = "<group>"; };
/* End PBXFileReference section */

/* Begin PBXFrameworksBuildPhase section */
		3455B15C20D888D200D80A82 /* Frameworks */ = {
			isa = PBXFrameworksBuildPhase;
			buildActionMask = 2147483647;
			files = (
			);
			runOnlyForDeploymentPostprocessing = 0;
		};
		3455B17020D888D400D80A82 /* Frameworks */ = {
			isa = PBXFrameworksBuildPhase;
			buildActionMask = 2147483647;
			files = (
			);
			runOnlyForDeploymentPostprocessing = 0;
		};
		3455B17B20D888D400D80A82 /* Frameworks */ = {
			isa = PBXFrameworksBuildPhase;
			buildActionMask = 2147483647;
			files = (
			);
			runOnlyForDeploymentPostprocessing = 0;
		};
/* End PBXFrameworksBuildPhase section */

/* Begin PBXGroup section */
		3455B15620D888D200D80A82 = {
			isa = PBXGroup;
			children = (
				3455B16120D888D200D80A82 /* counterapp */,
				3455B17620D888D400D80A82 /* counterappTests */,
				3455B18120D888D400D80A82 /* counterappUITests */,
				3455B16020D888D200D80A82 /* Products */,
			);
			sourceTree = "<group>";
		};
		3455B16020D888D200D80A82 /* Products */ = {
			isa = PBXGroup;
			children = (
				3455B15F20D888D200D80A82 /* counterapp.app */,
				3455B17320D888D400D80A82 /* counterappTests.xctest */,
				3455B17E20D888D400D80A82 /* counterappUITests.xctest */,
			);
			name = Products;
			sourceTree = "<group>";
		};
		3455B16120D888D200D80A82 /* counterapp */ = {
			isa = PBXGroup;
			children = (
				3455B16220D888D200D80A82 /* AppDelegate.swift */,
				3455B16420D888D200D80A82 /* ViewController.swift */,
				3455B16620D888D200D80A82 /* Main.storyboard */,
				3455B16920D888D400D80A82 /* Assets.xcassets */,
				3455B16B20D888D400D80A82 /* LaunchScreen.storyboard */,
				3455B16E20D888D400D80A82 /* Info.plist */,
			);
			path = counterapp;
			sourceTree = "<group>";
		};
		3455B17620D888D400D80A82 /* counterappTests */ = {
			isa = PBXGroup;
			children = (
				3455B17720D888D400D80A82 /* counterappTests.swift */,
				3455B17920D888D400D80A82 /* Info.plist */,
			);
			path = counterappTests;
			sourceTree = "<group>";
		};
		3455B18120D888D400D80A82 /* counterappUITests */ = {
			isa = PBXGroup;
			children = (
				3455B18220D888D400D80A82 /* counterappUITests.swift */,
				3455B18420D888D400D80A82 /* Info.plist */,
			);
			path = counterappUITests;
			sourceTree = "<group>";
		};
/* End PBXGroup section */

/* Begin PBXNativeTarget section */
		3455B15E20D888D200D80A82 /* counterapp */ = {
			isa = PBXNativeTarget;
			buildConfigurationList = 3455B18720D888D400D80A82 /* Build configuration list for PBXNativeTarget "counterapp" */;
			buildPhases = (
				3455B15B20D888D200D80A82 /* Sources */,
				3455B15C20D888D200D80A82 /* Frameworks */,
				3455B15D20D888D200D80A82 /* Resources */,
			);
			buildRules = (
			);
			dependencies = (
			);
			name = counterapp;
			productName = counterapp;
			productReference = 3455B15F20D888D200D80A82 /* counterapp.app */;
			productType = "com.apple.product-type.application";
		};
		3455B17220D888D400D80A82 /* counterappTests */ = {
			isa = PBXNativeTarget;
			buildConfigurationList = 3455B18A20D888D400D80A82 /* Build configuration list for PBXNativeTarget "counterappTests" */;
			buildPhases = (
				3455B16F20D888D400D80A82 /* Sources */,
				3455B17020D888D400D80A82 /* Frameworks */,
				3455B17120D888D400D80A82 /* Resources */,
			);
			buildRules = (
			);
			dependencies = (
				3455B17520D888D400D80A82 /* PBXTargetDependency */,
			);
			name = counterappTests;
			productName = counterappTests;
			productReference = 3455B17320D888D400D80A82 /* counterappTests.xctest */;
			productType = "com.apple.product-type.bundle.unit-test";
		};
		3455B17D20D888D400D80A82 /* counterappUITests */ = {
			isa = PBXNativeTarget;
			buildConfigurationList = 3455B18D20D888D400D80A82 /* Build configuration list for PBXNativeTarget "counterappUITests" */;
			buildPhases = (
				3455B17A20D888D400D80A82 /* Sources */,
				3455B17B20D888D400D80A82 /* Frameworks */,
				3455B17C20D888D400D80A82 /* Resources */,
			);
			buildRules = (
			);
			dependencies = (
				3455B18020D888D400D80A82 /* PBXTargetDependency */,
			);
			name = counterappUITests;
			productName = counterappUITests;
			productReference = 3455B17E20D888D400D80A82 /* counterappUITests.xctest */;
			productType = "com.apple.product-type.bundle.ui-testing";
		};
/* End PBXNativeTarget section */

/* Begin PBXProject section */
		3455B15720D888D200D80A82 /* Project object */ = {
			isa = PBXProject;
			attributes = {
				LastSwiftUpdateCheck = 0940;
				LastUpgradeCheck = 0940;
				ORGANIZATIONNAME = "Michael Pompili";
				TargetAttributes = {
					3455B15E20D888D200D80A82 = {
						CreatedOnToolsVersion = 9.4.1;
					};
					3455B17220D888D400D80A82 = {
						CreatedOnToolsVersion = 9.4.1;
						TestTargetID = 3455B15E20D888D200D80A82;
					};
					3455B17D20D888D400D80A82 = {
						CreatedOnToolsVersion = 9.4.1;
						TestTargetID = 3455B15E20D888D200D80A82;
					};
				};
			};
			buildConfigurationList = 3455B15A20D888D200D80A82 /* Build configuration list for PBXProject "counterapp" */;
			compatibilityVersion = "Xcode 9.3";
			developmentRegion = en;
			hasScannedForEncodings = 0;
			knownRegions = (
				en,
				Base,
			);
			mainGroup = 3455B15620D888D200D80A82;
			productRefGroup = 3455B16020D888D200D80A82 /* Products */;
			projectDirPath = "";
			projectRoot = "";
			targets = (
				3455B15E20D888D200D80A82 /* counterapp */,
				3455B17220D888D400D80A82 /* counterappTests */,
				3455B17D20D888D400D80A82 /* counterappUITests */,
			);
		};
/* End PBXProject section */

/* Begin PBXResourcesBuildPhase section */
		3455B15D20D888D200D80A82 /* Resources */ = {
			isa = PBXResourcesBuildPhase;
			buildActionMask = 2147483647;
			files = (
				3455B16D20D888D400D80A82 /* LaunchScreen.storyboard in Resources */,
				3455B16A20D888D400D80A82 /* Assets.xcassets in Resources */,
				3455B16820D888D200D80A82 /* Main.storyboard in Resources */,
			);
			runOnlyForDeploymentPostprocessing = 0;
		};
		3455B17120D888D400D80A82 /* Resources */ = {
			isa = PBXResourcesBuildPhase;
			buildActionMask = 2147483647;
			files = (
			);
			runOnlyForDeploymentPostprocessing = 0;
		};
		3455B17C20D888D400D80A82 /* Resources */ = {
			isa = PBXResourcesBuildPhase;
			buildActionMask = 2147483647;
			files = (
			);
			runOnlyForDeploymentPostprocessing = 0;
		};
/* End PBXResourcesBuildPhase section */

/* Begin PBXSourcesBuildPhase section */
		3455B15B20D888D200D80A82 /* Sources */ = {
			isa = PBXSourcesBuildPhase;
			buildActionMask = 2147483647;
			files = (
				3455B16520D888D200D80A82 /* ViewController.swift in Sources */,
				3455B16320D888D200D80A82 /* AppDelegate.swift in Sources */,
			);
			runOnlyForDeploymentPostprocessing = 0;
		};
		3455B16F20D888D400D80A82 /* Sources */ = {
			isa = PBXSourcesBuildPhase;
			buildActionMask = 2147483647;
			files = (
				3455B17820D888D400D80A82 /* counterappTests.swift in Sources */,
			);
			runOnlyForDeploymentPostprocessing = 0;
		};
		3455B17A20D888D400D80A82 /* Sources */ = {
			isa = PBXSourcesBuildPhase;
			buildActionMask = 2147483647;
			files = (
				3455B18320D888D400D80A82 /* counterappUITests.swift in Sources */,
			);
			runOnlyForDeploymentPostprocessing = 0;
		};
/* End PBXSourcesBuildPhase section */

/* Begin PBXTargetDependency section */
		3455B17520D888D400D80A82 /* PBXTargetDependency */ = {
			isa = PBXTargetDependency;
			target = 3455B15E20D888D200D80A82 /* counterapp */;
			targetProxy = 3455B17420D888D400D80A82 /* PBXContainerItemProxy */;
		};
		3455B18020D888D400D80A82 /* PBXTargetDependency */ = {
			isa = PBXTargetDependency;
			target = 3455B15E20D888D200D80A82 /* counterapp */;
			targetProxy = 3455B17F20D888D400D80A82 /* PBXContainerItemProxy */;
		};
/* End PBXTargetDependency section */

/* Begin PBXVariantGroup section */
		3455B16620D888D200D80A82 /* Main.storyboard */ = {
			isa = PBXVariantGroup;
			children = (
				3455B16720D888D200D80A82 /* Base */,
			);
			name = Main.storyboard;
			sourceTree = "<group>";
		};
		3455B16B20D888D400D80A82 /* LaunchScreen.storyboard */ = {
			isa = PBXVariantGroup;
			children = (
				3455B16C20D888D400D80A82 /* Base */,
			);
			name = LaunchScreen.storyboard;
			sourceTree = "<group>";
		};
/* End PBXVariantGroup section */

/* Begin XCBuildConfiguration section */
		3455B18520D888D400D80A82 /* Debug */ = {
			isa = XCBuildConfiguration;
			buildSettings = {
				ALWAYS_SEARCH_USER_PATHS = NO;
				CLANG_ANALYZER_NONNULL = YES;
				CLANG_ANALYZER_NUMBER_OBJECT_CONVERSION = YES_AGGRESSIVE;
				CLANG_CXX_LANGUAGE_STANDARD = "gnu++14";
				CLANG_CXX_LIBRARY = "libc++";
				CLANG_ENABLE_MODULES = YES;
				CLANG_ENABLE_OBJC_ARC = YES;
				CLANG_ENABLE_OBJC_WEAK = YES;
				CLANG_WARN_BLOCK_CAPTURE_AUTORELEASING = YES;
				CLANG_WARN_BOOL_CONVERSION = YES;
				CLANG_WARN_COMMA = YES;
				CLANG_WARN_CONSTANT_CONVERSION = YES;
				CLANG_WARN_DEPRECATED_OBJC_IMPLEMENTATIONS = YES;
				CLANG_WARN_DIRECT_OBJC_ISA_USAGE = YES_ERROR;
				CLANG_WARN_DOCUMENTATION_COMMENTS = YES;
				CLANG_WARN_EMPTY_BODY = YES;
				CLANG_WARN_ENUM_CONVERSION = YES;
				CLANG_WARN_INFINITE_RECURSION = YES;
				CLANG_WARN_INT_CONVERSION = YES;
				CLANG_WARN_NON_LITERAL_NULL_CONVERSION = YES;
				CLANG_WARN_OBJC_IMPLICIT_RETAIN_SELF = YES;
				CLANG_WARN_OBJC_LITERAL_CONVERSION = YES;
				CLANG_WARN_OBJC_ROOT_CLASS = YES_ERROR;
				CLANG_WARN_RANGE_LOOP_ANALYSIS = YES;
				CLANG_WARN_STRICT_PROTOTYPES = YES;
				CLANG_WARN_SUSPICIOUS_MOVE = YES;
				CLANG_WARN_UNGUARDED_AVAILABILITY = YES_AGGRESSIVE;
				CLANG_WARN_UNREACHABLE_CODE = YES;
				CLANG_WARN__DUPLICATE_METHOD_MATCH = YES;
				CODE_SIGN_IDENTITY = "iPhone Developer";
				COPY_PHASE_STRIP = NO;
				DEBUG_INFORMATION_FORMAT = dwarf;
				ENABLE_STRICT_OBJC_MSGSEND = YES;
				ENABLE_TESTABILITY = YES;
				GCC_C_LANGUAGE_STANDARD = gnu11;
				GCC_DYNAMIC_NO_PIC = NO;
				GCC_NO_COMMON_BLOCKS = YES;
				GCC_OPTIMIZATION_LEVEL = 0;
				GCC_PREPROCESSOR_DEFINITIONS = (
					"DEBUG=1",
					"$(inherited)",
				);
				GCC_WARN_64_TO_32_BIT_CONVERSION = YES;
				GCC_WARN_ABOUT_RETURN_TYPE = YES_ERROR;
				GCC_WARN_UNDECLARED_SELECTOR = YES;
				GCC_WARN_UNINITIALIZED_AUTOS = YES_AGGRESSIVE;
				GCC_WARN_UNUSED_FUNCTION = YES;
				GCC_WARN_UNUSED_VARIABLE = YES;
				IPHONEOS_DEPLOYMENT_TARGET = 11.4;
				MTL_ENABLE_DEBUG_INFO = YES;
				ONLY_ACTIVE_ARCH = YES;
				SDKROOT = iphoneos;
				SWIFT_ACTIVE_COMPILATION_CONDITIONS = DEBUG;
				SWIFT_OPTIMIZATION_LEVEL = "-Onone";
			};
			name = Debug;
		};
		3455B18620D888D400D80A82 /* Release */ = {
			isa = XCBuildConfiguration;
			buildSettings = {
				ALWAYS_SEARCH_USER_PATHS = NO;
				CLANG_ANALYZER_NONNULL = YES;
				CLANG_ANALYZER_NUMBER_OBJECT_CONVERSION = YES_AGGRESSIVE;
				CLANG_CXX_LANGUAGE_STANDARD = "gnu++14";
				CLANG_CXX_LIBRARY = "libc++";
				CLANG_ENABLE_MODULES = YES;
				CLANG_ENABLE_OBJC_ARC = YES;
				CLANG_ENABLE_OBJC_WEAK = YES;
				CLANG_WARN_BLOCK_CAPTURE_AUTORELEASING = YES;
				CLANG_WARN_BOOL_CONVERSION = YES;
				CLANG_WARN_COMMA = YES;
				CLANG_WARN_CONSTANT_CONVERSION = YES;
				CLANG_WARN_DEPRECATED_OBJC_IMPLEMENTATIONS = YES;
				CLANG_WARN_DIRECT_OBJC_ISA_USAGE = YES_ERROR;
				CLANG_WARN_DOCUMENTATION_COMMENTS = YES;
				CLANG_WARN_EMPTY_BODY = YES;
				CLANG_WARN_ENUM_CONVERSION = YES;
				CLANG_WARN_INFINITE_RECURSION = YES;
				CLANG_WARN_INT_CONVERSION = YES;
				CLANG_WARN_NON_LITERAL_NULL_CONVERSION = YES;
				CLANG_WARN_OBJC_IMPLICIT_RETAIN_SELF = YES;
				CLANG_WARN_OBJC_LITERAL_CONVERSION = YES;
				CLANG_WARN_OBJC_ROOT_CLASS = YES_ERROR;
				CLANG_WARN_RANGE_LOOP_ANALYSIS = YES;
				CLANG_WARN_STRICT_PROTOTYPES = YES;
				CLANG_WARN_SUSPICIOUS_MOVE = YES;
				CLANG_WARN_UNGUARDED_AVAILABILITY = YES_AGGRESSIVE;
				CLANG_WARN_UNREACHABLE_CODE = YES;
				CLANG_WARN__DUPLICATE_METHOD_MATCH = YES;
				CODE_SIGN_IDENTITY = "iPhone Developer";
				COPY_PHASE_STRIP = NO;
				DEBUG_INFORMATION_FORMAT = "dwarf-with-dsym";
				ENABLE_NS_ASSERTIONS = NO;
				ENABLE_STRICT_OBJC_MSGSEND = YES;
				GCC_C_LANGUAGE_STANDARD = gnu11;
				GCC_NO_COMMON_BLOCKS = YES;
				GCC_WARN_64_TO_32_BIT_CONVERSION = YES;
				GCC_WARN_ABOUT_RETURN_TYPE = YES_ERROR;
				GCC_WARN_UNDECLARED_SELECTOR = YES;
				GCC_WARN_UNINITIALIZED_AUTOS = YES_AGGRESSIVE;
				GCC_WARN_UNUSED_FUNCTION = YES;
				GCC_WARN_UNUSED_VARIABLE = YES;
				IPHONEOS_DEPLOYMENT_TARGET = 11.4;
				MTL_ENABLE_DEBUG_INFO = NO;
				SDKROOT = iphoneos;
				SWIFT_COMPILATION_MODE = wholemodule;
				SWIFT_OPTIMIZATION_LEVEL = "-O";
				VALIDATE_PRODUCT = YES;
			};
			name = Release;
		};
		3455B18820D888D400D80A82 /* Debug */ = {
			isa = XCBuildConfiguration;
			buildSettings = {
				ASSETCATALOG_COMPILER_APPICON_NAME = AppIcon;
				CODE_SIGN_STYLE = Automatic;
				INFOPLIST_FILE = counterapp/Info.plist;
				LD_RUNPATH_SEARCH_PATHS = (
					"$(inherited)",
					"@executable_path/Frameworks",
				);
				PRODUCT_BUNDLE_IDENTIFIER = MP.counterapp;
				PRODUCT_NAME = "$(TARGET_NAME)";
				SWIFT_VERSION = 4.0;
				TARGETED_DEVICE_FAMILY = "1,2";
			};
			name = Debug;
		};
		3455B18920D888D400D80A82 /* Release */ = {
			isa = XCBuildConfiguration;
			buildSettings = {
				ASSETCATALOG_COMPILER_APPICON_NAME = AppIcon;
				CODE_SIGN_STYLE = Automatic;
				INFOPLIST_FILE = counterapp/Info.plist;
				LD_RUNPATH_SEARCH_PATHS = (
					"$(inherited)",
					"@executable_path/Frameworks",
				);
				PRODUCT_BUNDLE_IDENTIFIER = MP.counterapp;
				PRODUCT_NAME = "$(TARGET_NAME)";
				SWIFT_VERSION = 4.0;
				TARGETED_DEVICE_FAMILY = "1,2";
			};
			name = Release;
		};
		3455B18B20D888D400D80A82 /* Debug */ = {
			isa = XCBuildConfiguration;
			buildSettings = {
				ALWAYS_EMBED_SWIFT_STANDARD_LIBRARIES = YES;
				BUNDLE_LOADER = "$(TEST_HOST)";
				CODE_SIGN_STYLE = Automatic;
				INFOPLIST_FILE = counterappTests/Info.plist;
				LD_RUNPATH_SEARCH_PATHS = (
					"$(inherited)",
					"@executable_path/Frameworks",
					"@loader_path/Frameworks",
				);
				PRODUCT_BUNDLE_IDENTIFIER = MP.counterappTests;
				PRODUCT_NAME = "$(TARGET_NAME)";
				SWIFT_VERSION = 4.0;
				TARGETED_DEVICE_FAMILY = "1,2";
				TEST_HOST = "$(BUILT_PRODUCTS_DIR)/counterapp.app/counterapp";
			};
			name = Debug;
		};
		3455B18C20D888D400D80A82 /* Release */ = {
			isa = XCBuildConfiguration;
			buildSettings = {
				ALWAYS_EMBED_SWIFT_STANDARD_LIBRARIES = YES;
				BUNDLE_LOADER = "$(TEST_HOST)";
				CODE_SIGN_STYLE = Automatic;
				INFOPLIST_FILE = counterappTests/Info.plist;
				LD_RUNPATH_SEARCH_PATHS = (
					"$(inherited)",
					"@executable_path/Frameworks",
					"@loader_path/Frameworks",
				);
				PRODUCT_BUNDLE_IDENTIFIER = MP.counterappTests;
				PRODUCT_NAME = "$(TARGET_NAME)";
				SWIFT_VERSION = 4.0;
				TARGETED_DEVICE_FAMILY = "1,2";
				TEST_HOST = "$(BUILT_PRODUCTS_DIR)/counterapp.app/counterapp";
			};
			name = Release;
		};
		3455B18E20D888D400D80A82 /* Debug */ = {
			isa = XCBuildConfiguration;
			buildSettings = {
				ALWAYS_EMBED_SWIFT_STANDARD_LIBRARIES = YES;
				CODE_SIGN_STYLE = Automatic;
				INFOPLIST_FILE = counterappUITests/Info.plist;
				LD_RUNPATH_SEARCH_PATHS = (
					"$(inherited)",
					"@executable_path/Frameworks",
					"@loader_path/Frameworks",
				);
				PRODUCT_BUNDLE_IDENTIFIER = MP.counterappUITests;
				PRODUCT_NAME = "$(TARGET_NAME)";
				SWIFT_VERSION = 4.0;
				TARGETED_DEVICE_FAMILY = "1,2";
				TEST_TARGET_NAME = counterapp;
			};
			name = Debug;
		};
		3455B18F20D888D400D80A82 /* Release */ = {
			isa = XCBuildConfiguration;
			buildSettings = {
				ALWAYS_EMBED_SWIFT_STANDARD_LIBRARIES = YES;
				CODE_SIGN_STYLE = Automatic;
				INFOPLIST_FILE = counterappUITests/Info.plist;
				LD_RUNPATH_SEARCH_PATHS = (
					"$(inherited)",
					"@executable_path/Frameworks",
					"@loader_path/Frameworks",
				);
				PRODUCT_BUNDLE_IDENTIFIER = MP.counterappUITests;
				PRODUCT_NAME = "$(TARGET_NAME)";
				SWIFT_VERSION = 4.0;
				TARGETED_DEVICE_FAMILY = "1,2";
				TEST_TARGET_NAME = counterapp;
			};
			name = Release;
		};
/* End XCBuildConfiguration section */

/* Begin XCConfigurationList section */
		3455B15A20D888D200D80A82 /* Build configuration list for PBXProject "counterapp" */ = {
			isa = XCConfigurationList;
			buildConfigurations = (
				3455B18520D888D400D80A82 /* Debug */,
				3455B18620D888D400D80A82 /* Release */,
			);
			defaultConfigurationIsVisible = 0;
			defaultConfigurationName = Release;
		};
		3455B18720D888D400D80A82 /* Build configuration list for PBXNativeTarget "counterapp" */ = {
			isa = XCConfigurationList;
			buildConfigurations = (
				3455B18820D888D400D80A82 /* Debug */,
				3455B18920D888D400D80A82 /* Release */,
			);
			defaultConfigurationIsVisible = 0;
			defaultConfigurationName = Release;
		};
		3455B18A20D888D400D80A82 /* Build configuration list for PBXNativeTarget "counterappTests" */ = {
			isa = XCConfigurationList;
			buildConfigurations = (
				3455B18B20D888D400D80A82 /* Debug */,
				3455B18C20D888D400D80A82 /* Release */,
			);
			defaultConfigurationIsVisible = 0;
			defaultConfigurationName = Release;
		};
		3455B18D20D888D400D80A82 /* Build configuration list for PBXNativeTarget "counterappUITests" */ = {
			isa = XCConfigurationList;
			buildConfigurations = (
				3455B18E20D888D400D80A82 /* Debug */,
				3455B18F20D888D400D80A82 /* Release */,
			);
			defaultConfigurationIsVisible = 0;
			defaultConfigurationName = Release;
		};
/* End XCConfigurationList section */
	};
	rootObject = 3455B15720D888D200D80A82 /* Project object */;
}
